{
  "version": 4,
  "terraform_version": "1.4.5",
  "serial": 59,
  "lineage": "e9ef5a4c-a62e-46dc-60a7-8990b3e79b95",
  "outputs": {},
  "resources": [
    {
      "mode": "managed",
      "type": "yandex_vpc_network",
      "name": "default",
      "provider": "provider[\"registry.terraform.io/yandex-cloud/yandex\"]",
      "instances": [
        {
          "schema_version": 0,
          "attributes": {
            "created_at": "2023-04-20T12:04:43Z",
            "default_security_group_id": "",
            "description": "",
            "folder_id": "b1g4oh4ltrfd2mnlravq",
            "id": "enpld7sg3cl1mlfj5r13",
            "labels": {},
            "name": "my-network",
            "subnet_ids": [
              "e9b4aqgul05gmin6dlnu",
              "e9b6sglv76u7jd1pteud",
              "e9bib7rc6dtorniagmku"
            ],
            "timeouts": null
          },
          "sensitive_attributes": [],
          "private": "eyJlMmJmYjczMC1lY2FhLTExZTYtOGY4OC0zNDM2M2JjN2M0YzAiOnsiY3JlYXRlIjo2MDAwMDAwMDAwMCwiZGVsZXRlIjo2MDAwMDAwMDAwMCwidXBkYXRlIjo2MDAwMDAwMDAwMH19"
        }
      ]
    },
    {
      "mode": "managed",
      "type": "yandex_vpc_subnet",
      "name": "default",
      "provider": "provider[\"registry.terraform.io/yandex-cloud/yandex\"]",
      "instances": [
        {
          "schema_version": 0,
          "attributes": {
            "created_at": "2023-04-20T12:13:31Z",
            "description": "",
            "dhcp_options": [],
            "folder_id": "b1g4oh4ltrfd2mnlravq",
            "id": "e9b6sglv76u7jd1pteud",
            "labels": {},
            "name": "my-subnet",
            "network_id": "enpld7sg3cl1mlfj5r13",
            "route_table_id": "",
            "timeouts": null,
            "v4_cidr_blocks": [
              "192.168.1.0/24"
            ],
            "v6_cidr_blocks": [],
            "zone": "ru-central1-a"
          },
          "sensitive_attributes": [],
          "private": "eyJlMmJmYjczMC1lY2FhLTExZTYtOGY4OC0zNDM2M2JjN2M0YzAiOnsiY3JlYXRlIjoxODAwMDAwMDAwMDAsImRlbGV0ZSI6MTgwMDAwMDAwMDAwLCJ1cGRhdGUiOjE4MDAwMDAwMDAwMH19",
          "dependencies": [
            "yandex_vpc_network.default"
          ]
        }
      ]
    }
  ],
  "check_results": null
}
