{
  "version": 4,
  "terraform_version": "1.4.5",
  "serial": 93,
  "lineage": "e9ef5a4c-a62e-46dc-60a7-8990b3e79b95",
  "outputs": {},
  "resources": [
    {
      "mode": "data",
      "type": "yandex_iam_service_account",
      "name": "k8s_sa",
      "provider": "provider[\"registry.terraform.io/yandex-cloud/yandex\"]",
      "instances": [
        {
          "schema_version": 0,
          "attributes": {
            "created_at": "2023-05-03T14:22:57Z",
            "description": "",
            "folder_id": "b1g4oh4ltrfd2mnlravq",
            "id": "ajeqkf1p3cat23dggt69",
            "name": "k8s-sa",
            "service_account_id": "ajeqkf1p3cat23dggt69"
          },
          "sensitive_attributes": []
        }
      ]
    },
    {
      "mode": "managed",
      "type": "yandex_compute_instance",
      "name": "srv",
      "provider": "provider[\"registry.terraform.io/yandex-cloud/yandex\"]",
      "instances": [
        {
          "schema_version": 1,
          "attributes": {
            "allow_recreate": null,
            "allow_stopping_for_update": null,
            "boot_disk": [
              {
                "auto_delete": true,
                "device_name": "fhmjnbuvpmk2ed7ah5r2",
                "disk_id": "fhmjnbuvpmk2ed7ah5r2",
                "initialize_params": [
                  {
                    "block_size": 4096,
                    "description": "",
                    "image_id": "fd8fphfpeqijnlu1phu4",
                    "name": "",
                    "size": 3,
                    "snapshot_id": "",
                    "type": "network-hdd"
                  }
                ],
                "mode": "READ_WRITE"
              }
            ],
            "created_at": "2023-05-14T20:30:25Z",
            "description": "",
            "filesystem": [],
            "folder_id": "b1g4oh4ltrfd2mnlravq",
            "fqdn": "fhm3980ic5kna5iljrpo.auto.internal",
            "gpu_cluster_id": "",
            "hostname": "",
            "id": "fhm3980ic5kna5iljrpo",
            "labels": null,
            "local_disk": [],
            "metadata": {
              "user-data": "#cloud-config\nssh_authorized_keys:\n  - ssh-rsa AAAAB3NzaC1yc2EAAAADAQABAAABgQDBXekn+DK9mN2/9HfWxbWXfljXgwDrgck9EA5Be2QJR9hBgVuUNrXT85YQ4rWzuaHrN9Trloaza5j5Dx9Uw0PsVNej9/Hm2nI1SEvpw3gdVp4d32FzY1KQ1pNCq5cSDB4ocpvMHogbT9jfY+aEGQm9ISlvXV6hps4FNS8iWYk1sXx1gQvryYLAVKlcgM/m7+0mFFl/pNzU5HtgBNPZBvPYUX1LM3t8EENxWXl1xs3Y3XQ628gGd+wTWSPfk3PFveXKg6ORf03JwnfUzh/NkK2SzqWwaVPAtoVY3Zm3ZCuixUSVhlcb+XsdsacBOLA9r5WUmMKr+cEAkPLMV5+L26ygiM++DfKTyBtbW8WEAGta7WPZRimNWPPPLBYRWvLhk1qeUsrkMIyHhdRujmj4VPrfd87gXg8k95+INkoRuiObmi9+BSPo90NBTSm7l3vjC6HV8nhUyXQbupvuYEvf5mTCNbFZqtIHm5w0gSq8Z0BGnYDmxUzRDtwS9Z9Xk+A5bSM= unepic@unepic-X553MA"
            },
            "metadata_options": [
              {
                "aws_v1_http_endpoint": 1,
                "aws_v1_http_token": 2,
                "gce_http_endpoint": 1,
                "gce_http_token": 1
              }
            ],
            "name": "srv",
            "network_acceleration_type": "standard",
            "network_interface": [
              {
                "dns_record": [],
                "index": 0,
                "ip_address": "192.168.1.34",
                "ipv4": true,
                "ipv6": false,
                "ipv6_address": "",
                "ipv6_dns_record": [],
                "mac_address": "d0:0d:34:a0:12:61",
                "nat": true,
                "nat_dns_record": [],
                "nat_ip_address": "62.84.117.184",
                "nat_ip_version": "IPV4",
                "security_group_ids": [],
                "subnet_id": "e9b6sglv76u7jd1pteud"
              }
            ],
            "placement_policy": [
              {
                "host_affinity_rules": [],
                "placement_group_id": ""
              }
            ],
            "platform_id": "standard-v1",
            "resources": [
              {
                "core_fraction": 100,
                "cores": 2,
                "gpus": 0,
                "memory": 4
              }
            ],
            "scheduling_policy": [
              {
                "preemptible": false
              }
            ],
            "secondary_disk": [],
            "service_account_id": "",
            "status": "running",
            "timeouts": null,
            "zone": "ru-central1-a"
          },
          "sensitive_attributes": [],
          "private": "eyJlMmJmYjczMC1lY2FhLTExZTYtOGY4OC0zNDM2M2JjN2M0YzAiOnsiY3JlYXRlIjozMDAwMDAwMDAwMDAsImRlbGV0ZSI6MzAwMDAwMDAwMDAwLCJ1cGRhdGUiOjMwMDAwMDAwMDAwMH0sInNjaGVtYV92ZXJzaW9uIjoiMSJ9",
          "dependencies": [
            "yandex_vpc_subnet.default"
          ]
        }
      ]
    },
    {
      "mode": "managed",
      "type": "yandex_kubernetes_cluster",
      "name": "this",
      "provider": "provider[\"registry.terraform.io/yandex-cloud/yandex\"]",
      "instances": [
        {
          "schema_version": 0,
          "attributes": {
            "cluster_ipv4_range": "10.112.0.0/16",
            "cluster_ipv6_range": "",
            "created_at": "2023-05-14T20:30:24Z",
            "description": "Kubernetes cluster with 1 master and 1 app server",
            "folder_id": "b1g4oh4ltrfd2mnlravq",
            "health": "healthy",
            "id": "catloijtd9f0bj7dl9g2",
            "kms_provider": [],
            "labels": {},
            "log_group_id": "ckg5jg14qhssvp21jq0d",
            "master": [
              {
                "cluster_ca_certificate": "-----BEGIN CERTIFICATE-----\nMIIC5zCCAc+gAwIBAgIBADANBgkqhkiG9w0BAQsFADAVMRMwEQYDVQQDEwprdWJl\ncm5ldGVzMB4XDTIzMDUxNDIwMzAyNloXDTMzMDUxMTIwMzAyNlowFTETMBEGA1UE\nAxMKa3ViZXJuZXRlczCCASIwDQYJKoZIhvcNAQEBBQADggEPADCCAQoCggEBAKJf\nKjx5wi4+/gUJnxKH+BL9HVFLEBUF25oXKuCZTWDwopGLIvTK8HfS9GW11h14S/A2\ng1raP6v0kjx7n1FB8raJlPHcqXqb1SFGukPJoM0TO6+BTc0QRpopRq+sCQIWbQ8/\nRYi+GAUvnwa5uUMC+3iBBXsep3HA9KDLwZmLu9O/HsBnsgCZ5pLiWSEle9Kjw5Ag\nqzC1pFbnBSWKwDOtF3LSrMKWaIlScGkxIUVCc3yZ1VWFj8AeBdtmPDAvvrkm0xpH\nveqp6xn5HJA+o31WiDUve+9/o1a84K/TelV5+SqkNQBTxr38DeHpUMqCgXUYo0u/\n1WSOsT4637SCy0KOD4sCAwEAAaNCMEAwDgYDVR0PAQH/BAQDAgKkMA8GA1UdEwEB\n/wQFMAMBAf8wHQYDVR0OBBYEFDT1NwYTwOgJM/uhjueKcJ5iI2ZXMA0GCSqGSIb3\nDQEBCwUAA4IBAQCAfb1RlwcfoQ9PW2s4t4cMocHSqdYi0cnFML53VbTX34CjRS8V\n9IkvDwqam8MJvsBDlZEjDXmzdKqTzXUHNI5zz7STSpJeHglaG712ZqB7/W8YeA2A\ncJyFUbfi0zR33z8s2EdPEPVhC6wcSr6ihm9PCiClGG4RDLU6+20+cynH2iQksALX\nJnMC8xb0niR5qT5PYwsoIdWnbOiqHzwb/ICSDeuxN3DsLnAnb3vajjvTp2H/DxNw\nxRo5GI1qDH4Xd+DJQMSUggWB7BzptO4+7dfw29V5ojDAKEZwZzX5rzP5EDa4e0N9\nRHP4BBtxgJYD3qxPWDXeITRIuKD/8bPiSN8l\n-----END CERTIFICATE-----\n",
                "external_v4_address": "",
                "external_v4_endpoint": "",
                "external_v6_address": "",
                "external_v6_endpoint": "",
                "internal_v4_address": "192.168.1.16",
                "internal_v4_endpoint": "https://192.168.1.16",
                "maintenance_policy": [
                  {
                    "auto_upgrade": true,
                    "maintenance_window": []
                  }
                ],
                "master_logging": [],
                "public_ip": false,
                "regional": [],
                "security_group_ids": null,
                "version": "1.22",
                "version_info": [
                  {
                    "current_version": "1.22",
                    "new_revision_available": false,
                    "new_revision_summary": "",
                    "version_deprecated": false
                  }
                ],
                "zonal": [
                  {
                    "subnet_id": "",
                    "zone": "ru-central1-a"
                  }
                ]
              }
            ],
            "name": "my-k8s-cluster",
            "network_id": "enpld7sg3cl1mlfj5r13",
            "network_implementation": [],
            "network_policy_provider": null,
            "node_ipv4_cidr_mask_size": 24,
            "node_service_account_id": "ajeqkf1p3cat23dggt69",
            "release_channel": "REGULAR",
            "service_account_id": "ajeqkf1p3cat23dggt69",
            "service_ipv4_range": "10.96.0.0/16",
            "service_ipv6_range": "",
            "status": "running",
            "timeouts": null
          },
          "sensitive_attributes": [],
          "private": "eyJlMmJmYjczMC1lY2FhLTExZTYtOGY4OC0zNDM2M2JjN2M0YzAiOnsiY3JlYXRlIjoxODAwMDAwMDAwMDAwLCJkZWxldGUiOjEyMDAwMDAwMDAwMDAsInJlYWQiOjMwMDAwMDAwMDAwMCwidXBkYXRlIjoxODAwMDAwMDAwMDAwfX0=",
          "dependencies": [
            "data.yandex_iam_service_account.k8s_sa",
            "yandex_vpc_network.default"
          ]
        }
      ]
    },
    {
      "mode": "managed",
      "type": "yandex_kubernetes_node_group",
      "name": "app",
      "provider": "provider[\"registry.terraform.io/yandex-cloud/yandex\"]",
      "instances": [
        {
          "schema_version": 0,
          "attributes": {
            "allocation_policy": [
              {
                "location": [
                  {
                    "subnet_id": "e9b6sglv76u7jd1pteud",
                    "zone": "ru-central1-a"
                  }
                ]
              }
            ],
            "allowed_unsafe_sysctls": null,
            "cluster_id": "catloijtd9f0bj7dl9g2",
            "created_at": "2023-05-14T20:37:54Z",
            "deploy_policy": [
              {
                "max_expansion": 3,
                "max_unavailable": 0
              }
            ],
            "description": "Kubernetes app node group",
            "id": "cat0nqomhstvf5g1gngq",
            "instance_group_id": "cl1sm6rq633oorpigtc4",
            "instance_template": [
              {
                "boot_disk": [
                  {
                    "size": 96,
                    "type": "network-hdd"
                  }
                ],
                "container_runtime": [],
                "labels": null,
                "metadata": {
                  "user-data": "#cloud-config\nssh_authorized_keys:\n  - ssh-rsa AAAAB3NzaC1yc2EAAAADAQABAAABgQDBXekn+DK9mN2/9HfWxbWXfljXgwDrgck9EA5Be2QJR9hBgVuUNrXT85YQ4rWzuaHrN9Trloaza5j5Dx9Uw0PsVNej9/Hm2nI1SEvpw3gdVp4d32FzY1KQ1pNCq5cSDB4ocpvMHogbT9jfY+aEGQm9ISlvXV6hps4FNS8iWYk1sXx1gQvryYLAVKlcgM/m7+0mFFl/pNzU5HtgBNPZBvPYUX1LM3t8EENxWXl1xs3Y3XQ628gGd+wTWSPfk3PFveXKg6ORf03JwnfUzh/NkK2SzqWwaVPAtoVY3Zm3ZCuixUSVhlcb+XsdsacBOLA9r5WUmMKr+cEAkPLMV5+L26ygiM++DfKTyBtbW8WEAGta7WPZRimNWPPPLBYRWvLhk1qeUsrkMIyHhdRujmj4VPrfd87gXg8k95+INkoRuiObmi9+BSPo90NBTSm7l3vjC6HV8nhUyXQbupvuYEvf5mTCNbFZqtIHm5w0gSq8Z0BGnYDmxUzRDtwS9Z9Xk+A5bSM= unepic@unepic-X553MA"
                },
                "name": "",
                "nat": false,
                "network_acceleration_type": "type_unspecified",
                "network_interface": [
                  {
                    "ipv4": true,
                    "ipv4_dns_records": [],
                    "ipv6": false,
                    "ipv6_dns_records": [],
                    "nat": false,
                    "security_group_ids": [],
                    "subnet_ids": [
                      "e9b6sglv76u7jd1pteud"
                    ]
                  }
                ],
                "placement_policy": [],
                "platform_id": "standard-v2",
                "resources": [
                  {
                    "core_fraction": 100,
                    "cores": 2,
                    "gpus": 0,
                    "memory": 4
                  }
                ],
                "scheduling_policy": [
                  {
                    "preemptible": false
                  }
                ]
              }
            ],
            "labels": {
              "type": "app"
            },
            "maintenance_policy": [
              {
                "auto_repair": true,
                "auto_upgrade": true,
                "maintenance_window": []
              }
            ],
            "name": "app",
            "node_labels": null,
            "node_taints": null,
            "scale_policy": [
              {
                "auto_scale": [],
                "fixed_scale": [
                  {
                    "size": 1
                  }
                ]
              }
            ],
            "status": "running",
            "timeouts": null,
            "version": "1.22",
            "version_info": [
              {
                "current_version": "1.22",
                "new_revision_available": false,
                "new_revision_summary": "",
                "version_deprecated": false
              }
            ]
          },
          "sensitive_attributes": [],
          "private": "eyJlMmJmYjczMC1lY2FhLTExZTYtOGY4OC0zNDM2M2JjN2M0YzAiOnsiY3JlYXRlIjozNjAwMDAwMDAwMDAwLCJkZWxldGUiOjEyMDAwMDAwMDAwMDAsInJlYWQiOjYwMDAwMDAwMDAwMCwidXBkYXRlIjozNjAwMDAwMDAwMDAwfX0=",
          "dependencies": [
            "data.yandex_iam_service_account.k8s_sa",
            "yandex_kubernetes_cluster.this",
            "yandex_vpc_network.default"
          ]
        }
      ]
    },
    {
      "mode": "managed",
      "type": "yandex_kubernetes_node_group",
      "name": "master",
      "provider": "provider[\"registry.terraform.io/yandex-cloud/yandex\"]",
      "instances": [
        {
          "schema_version": 0,
          "attributes": {
            "allocation_policy": [
              {
                "location": [
                  {
                    "subnet_id": "e9b6sglv76u7jd1pteud",
                    "zone": "ru-central1-a"
                  }
                ]
              }
            ],
            "allowed_unsafe_sysctls": null,
            "cluster_id": "catloijtd9f0bj7dl9g2",
            "created_at": "2023-05-14T20:37:54Z",
            "deploy_policy": [
              {
                "max_expansion": 3,
                "max_unavailable": 0
              }
            ],
            "description": "Kubernetes master node group",
            "id": "catlh79se3nfl5eamedm",
            "instance_group_id": "cl1tagd37j3s2kme3vr1",
            "instance_template": [
              {
                "boot_disk": [
                  {
                    "size": 96,
                    "type": "network-hdd"
                  }
                ],
                "container_runtime": [],
                "labels": null,
                "metadata": {
                  "user-data": "#cloud-config\nssh_authorized_keys:\n  - ssh-rsa AAAAB3NzaC1yc2EAAAADAQABAAABgQDBXekn+DK9mN2/9HfWxbWXfljXgwDrgck9EA5Be2QJR9hBgVuUNrXT85YQ4rWzuaHrN9Trloaza5j5Dx9Uw0PsVNej9/Hm2nI1SEvpw3gdVp4d32FzY1KQ1pNCq5cSDB4ocpvMHogbT9jfY+aEGQm9ISlvXV6hps4FNS8iWYk1sXx1gQvryYLAVKlcgM/m7+0mFFl/pNzU5HtgBNPZBvPYUX1LM3t8EENxWXl1xs3Y3XQ628gGd+wTWSPfk3PFveXKg6ORf03JwnfUzh/NkK2SzqWwaVPAtoVY3Zm3ZCuixUSVhlcb+XsdsacBOLA9r5WUmMKr+cEAkPLMV5+L26ygiM++DfKTyBtbW8WEAGta7WPZRimNWPPPLBYRWvLhk1qeUsrkMIyHhdRujmj4VPrfd87gXg8k95+INkoRuiObmi9+BSPo90NBTSm7l3vjC6HV8nhUyXQbupvuYEvf5mTCNbFZqtIHm5w0gSq8Z0BGnYDmxUzRDtwS9Z9Xk+A5bSM= unepic@unepic-X553MA"
                },
                "name": "",
                "nat": false,
                "network_acceleration_type": "type_unspecified",
                "network_interface": [
                  {
                    "ipv4": true,
                    "ipv4_dns_records": [],
                    "ipv6": false,
                    "ipv6_dns_records": [],
                    "nat": false,
                    "security_group_ids": [],
                    "subnet_ids": [
                      "e9b6sglv76u7jd1pteud"
                    ]
                  }
                ],
                "placement_policy": [],
                "platform_id": "standard-v2",
                "resources": [
                  {
                    "core_fraction": 100,
                    "cores": 2,
                    "gpus": 0,
                    "memory": 4
                  }
                ],
                "scheduling_policy": [
                  {
                    "preemptible": false
                  }
                ]
              }
            ],
            "labels": {
              "type": "master"
            },
            "maintenance_policy": [
              {
                "auto_repair": true,
                "auto_upgrade": true,
                "maintenance_window": []
              }
            ],
            "name": "master",
            "node_labels": null,
            "node_taints": null,
            "scale_policy": [
              {
                "auto_scale": [],
                "fixed_scale": [
                  {
                    "size": 1
                  }
                ]
              }
            ],
            "status": "running",
            "timeouts": null,
            "version": "1.22",
            "version_info": [
              {
                "current_version": "1.22",
                "new_revision_available": false,
                "new_revision_summary": "",
                "version_deprecated": false
              }
            ]
          },
          "sensitive_attributes": [],
          "private": "eyJlMmJmYjczMC1lY2FhLTExZTYtOGY4OC0zNDM2M2JjN2M0YzAiOnsiY3JlYXRlIjozNjAwMDAwMDAwMDAwLCJkZWxldGUiOjEyMDAwMDAwMDAwMDAsInJlYWQiOjYwMDAwMDAwMDAwMCwidXBkYXRlIjozNjAwMDAwMDAwMDAwfX0=",
          "dependencies": [
            "data.yandex_iam_service_account.k8s_sa",
            "yandex_kubernetes_cluster.this",
            "yandex_vpc_network.default"
          ]
        }
      ]
    },
    {
      "mode": "managed",
      "type": "yandex_vpc_network",
      "name": "default",
      "provider": "provider[\"registry.terraform.io/yandex-cloud/yandex\"]",
      "instances": [
        {
          "schema_version": 0,
          "attributes": {
            "created_at": "2023-04-20T12:04:43Z",
            "default_security_group_id": "",
            "description": "",
            "folder_id": "b1g4oh4ltrfd2mnlravq",
            "id": "enpld7sg3cl1mlfj5r13",
            "labels": {},
            "name": "my-network",
            "subnet_ids": [
              "e9b6sglv76u7jd1pteud"
            ],
            "timeouts": null
          },
          "sensitive_attributes": [],
          "private": "eyJlMmJmYjczMC1lY2FhLTExZTYtOGY4OC0zNDM2M2JjN2M0YzAiOnsiY3JlYXRlIjo2MDAwMDAwMDAwMCwiZGVsZXRlIjo2MDAwMDAwMDAwMCwidXBkYXRlIjo2MDAwMDAwMDAwMH19"
        }
      ]
    },
    {
      "mode": "managed",
      "type": "yandex_vpc_subnet",
      "name": "default",
      "provider": "provider[\"registry.terraform.io/yandex-cloud/yandex\"]",
      "instances": [
        {
          "schema_version": 0,
          "attributes": {
            "created_at": "2023-04-20T12:13:31Z",
            "description": "",
            "dhcp_options": [],
            "folder_id": "b1g4oh4ltrfd2mnlravq",
            "id": "e9b6sglv76u7jd1pteud",
            "labels": {},
            "name": "my-subnet",
            "network_id": "enpld7sg3cl1mlfj5r13",
            "route_table_id": "",
            "timeouts": null,
            "v4_cidr_blocks": [
              "192.168.1.0/24"
            ],
            "v6_cidr_blocks": [],
            "zone": "ru-central1-a"
          },
          "sensitive_attributes": [],
          "private": "eyJlMmJmYjczMC1lY2FhLTExZTYtOGY4OC0zNDM2M2JjN2M0YzAiOnsiY3JlYXRlIjoxODAwMDAwMDAwMDAsImRlbGV0ZSI6MTgwMDAwMDAwMDAwLCJ1cGRhdGUiOjE4MDAwMDAwMDAwMH19",
          "dependencies": [
            "yandex_vpc_network.default"
          ]
        }
      ]
    }
  ],
  "check_results": null
}
