{
  "version": 4,
  "terraform_version": "1.3.5",
  "serial": 5,
  "lineage": "a9cb9c25-4659-42d7-80f4-0813a03bf728",
  "outputs": {
    "external_ip_address_vm_1": {
      "value": "158.160.46.169",
      "type": "string"
    },
    "internal_ip_address_vm_1": {
      "value": "192.168.10.32",
      "type": "string"
    }
  },
  "resources": [
    {
      "mode": "data",
      "type": "yandex_compute_image",
      "name": "my_image",
      "provider": "provider[\"registry.terraform.io/yandex-cloud/yandex\"]",
      "instances": [
        {
          "schema_version": 0,
          "attributes": {
            "created_at": "2022-11-28T10:48:03Z",
            "description": "LEMP",
            "family": "lemp",
            "folder_id": "standard-images",
            "id": "fd8u8mpjcb6dtgs36ja8",
            "image_id": "fd8u8mpjcb6dtgs36ja8",
            "labels": {},
            "min_disk_size": 3,
            "name": "lemp-v20221128",
            "os_type": "linux",
            "product_ids": [
              "f2e5ttl9q9r5dsr6g52g",
              "f2e69iu7mgj14ek8akmo"
            ],
            "size": 2,
            "status": "ready"
          },
          "sensitive_attributes": []
        }
      ]
    },
    {
      "mode": "managed",
      "type": "yandex_compute_instance",
      "name": "vm-1",
      "provider": "provider[\"registry.terraform.io/yandex-cloud/yandex\"]",
      "instances": [
        {
          "schema_version": 1,
          "attributes": {
            "allow_stopping_for_update": null,
            "boot_disk": [
              {
                "auto_delete": true,
                "device_name": "fhmd8loq0nqhtelv5nu9",
                "disk_id": "fhmd8loq0nqhtelv5nu9",
                "initialize_params": [
                  {
                    "description": "",
                    "image_id": "fd8u8mpjcb6dtgs36ja8",
                    "name": "",
                    "size": 3,
                    "snapshot_id": "",
                    "type": "network-hdd"
                  }
                ],
                "mode": "READ_WRITE"
              }
            ],
            "created_at": "2022-12-01T09:56:53Z",
            "description": "",
            "folder_id": "b1g4oh4ltrfd2mnlravq",
            "fqdn": "fhmqmgn93qm5oirc16mh.auto.internal",
            "hostname": "fhmqmgn93qm5oirc16mh",
            "id": "fhmqmgn93qm5oirc16mh",
            "labels": null,
            "metadata": {
              "ssh-keys": "ubuntu:ssh-rsa AAAAB3NzaC1yc2EAAAADAQABAAABgQDBXekn+DK9mN2/9HfWxbWXfljXgwDrgck9EA5Be2QJR9hBgVuUNrXT85YQ4rWzuaHrN9Trloaza5j5Dx9Uw0PsVNej9/Hm2nI1SEvpw3gdVp4d32FzY1KQ1pNCq5cSDB4ocpvMHogbT9jfY+aEGQm9ISlvXV6hps4FNS8iWYk1sXx1gQvryYLAVKlcgM/m7+0mFFl/pNzU5HtgBNPZBvPYUX1LM3t8EENxWXl1xs3Y3XQ628gGd+wTWSPfk3PFveXKg6ORf03JwnfUzh/NkK2SzqWwaVPAtoVY3Zm3ZCuixUSVhlcb+XsdsacBOLA9r5WUmMKr+cEAkPLMV5+L26ygiM++DfKTyBtbW8WEAGta7WPZRimNWPPPLBYRWvLhk1qeUsrkMIyHhdRujmj4VPrfd87gXg8k95+INkoRuiObmi9+BSPo90NBTSm7l3vjC6HV8nhUyXQbupvuYEvf5mTCNbFZqtIHm5w0gSq8Z0BGnYDmxUzRDtwS9Z9Xk+A5bSM= unepic@unepic-X553MA\n"
            },
            "name": "terraform1",
            "network_acceleration_type": "standard",
            "network_interface": [
              {
                "dns_record": [],
                "index": 0,
                "ip_address": "192.168.10.32",
                "ipv4": true,
                "ipv6": false,
                "ipv6_address": "",
                "ipv6_dns_record": [],
                "mac_address": "d0:0d:1a:b4:2e:91",
                "nat": true,
                "nat_dns_record": [],
                "nat_ip_address": "158.160.46.169",
                "nat_ip_version": "IPV4",
                "security_group_ids": [],
                "subnet_id": "e9b311sim6igbfj20a6q"
              }
            ],
            "placement_policy": [
              {
                "placement_group_id": ""
              }
            ],
            "platform_id": "standard-v1",
            "resources": [
              {
                "core_fraction": 100,
                "cores": 2,
                "gpus": 0,
                "memory": 2
              }
            ],
            "scheduling_policy": [
              {
                "preemptible": false
              }
            ],
            "secondary_disk": [],
            "service_account_id": "",
            "status": "running",
            "timeouts": null,
            "zone": "ru-central1-a"
          },
          "sensitive_attributes": [],
          "private": "eyJlMmJmYjczMC1lY2FhLTExZTYtOGY4OC0zNDM2M2JjN2M0YzAiOnsiY3JlYXRlIjozMDAwMDAwMDAwMDAsImRlbGV0ZSI6MzAwMDAwMDAwMDAwLCJ1cGRhdGUiOjMwMDAwMDAwMDAwMH0sInNjaGVtYV92ZXJzaW9uIjoiMSJ9",
          "dependencies": [
            "data.yandex_compute_image.my_image",
            "yandex_vpc_network.network-1",
            "yandex_vpc_subnet.subnet-1"
          ]
        }
      ]
    },
    {
      "mode": "managed",
      "type": "yandex_vpc_network",
      "name": "network-1",
      "provider": "provider[\"registry.terraform.io/yandex-cloud/yandex\"]",
      "instances": [
        {
          "schema_version": 0,
          "attributes": {
            "created_at": "2022-12-01T09:56:50Z",
            "default_security_group_id": "",
            "description": "",
            "folder_id": "b1g4oh4ltrfd2mnlravq",
            "id": "enpgmhjg2sag0cskmemt",
            "labels": null,
            "name": "network1",
            "subnet_ids": [],
            "timeouts": null
          },
          "sensitive_attributes": [],
          "private": "eyJlMmJmYjczMC1lY2FhLTExZTYtOGY4OC0zNDM2M2JjN2M0YzAiOnsiY3JlYXRlIjo2MDAwMDAwMDAwMCwiZGVsZXRlIjo2MDAwMDAwMDAwMCwidXBkYXRlIjo2MDAwMDAwMDAwMH19"
        }
      ]
    },
    {
      "mode": "managed",
      "type": "yandex_vpc_subnet",
      "name": "subnet-1",
      "provider": "provider[\"registry.terraform.io/yandex-cloud/yandex\"]",
      "instances": [
        {
          "schema_version": 0,
          "attributes": {
            "created_at": "2022-12-01T09:56:51Z",
            "description": "",
            "dhcp_options": [],
            "folder_id": "b1g4oh4ltrfd2mnlravq",
            "id": "e9b311sim6igbfj20a6q",
            "labels": null,
            "name": "subnet1",
            "network_id": "enpgmhjg2sag0cskmemt",
            "route_table_id": "",
            "timeouts": null,
            "v4_cidr_blocks": [
              "192.168.10.0/24"
            ],
            "v6_cidr_blocks": [],
            "zone": "ru-central1-a"
          },
          "sensitive_attributes": [],
          "private": "eyJlMmJmYjczMC1lY2FhLTExZTYtOGY4OC0zNDM2M2JjN2M0YzAiOnsiY3JlYXRlIjoxODAwMDAwMDAwMDAsImRlbGV0ZSI6MTgwMDAwMDAwMDAwLCJ1cGRhdGUiOjE4MDAwMDAwMDAwMH19",
          "dependencies": [
            "yandex_vpc_network.network-1"
          ]
        }
      ]
    }
  ],
  "check_results": null
}
